{
  "name": "@liquid-labs/bash-rollup",
  "version": "1.0.0-alpha.4",
  "lockfileVersion": 2,
  "requires": true,
  "packages": {
    "": {
      "name": "@liquid-labs/bash-rollup",
      "version": "1.0.0-alpha.4",
      "license": "UNLICENSED",
      "bin": {
        "bash-rollup": "dist/bash-rollup.sh"
      }
    }
  }
}
